
Microsoft Visual Studio Solution File, Format Version 12.00
# Visual Studio Version 17
VisualStudioVersion = 17.14.36212.18 d17.14
MinimumVisualStudioVersion = 10.0.40219.1
Project("{FAE04EC0-301F-11D3-BF4B-00C04F79EFBC}") = "FinalProject", "FinalProject\FinalProject.csproj", "{18DFABD8-C30F-4471-A918-4E51FAC36F3D}"
EndProject
Global
	GlobalSection(SolutionConfigurationPlatforms) = preSolution
		Debug|Any CPU = Debug|Any CPU
		Release|Any CPU = Release|Any CPU
	EndGlobalSection
	GlobalSection(ProjectConfigurationPlatforms) = postSolution
		{18DFABD8-C30F-4471-A918-4E51FAC36F3D}.Debug|Any CPU.ActiveCfg = Debug|Any CPU
		{18DFABD8-C30F-4471-A918-4E51FAC36F3D}.Debug|Any CPU.Build.0 = Debug|Any CPU
		{18DFABD8-C30F-4471-A918-4E51FAC36F3D}.Release|Any CPU.ActiveCfg = Release|Any CPU
		{18DFABD8-C30F-4471-A918-4E51FAC36F3D}.Release|Any CPU.Build.0 = Release|Any CPU
	EndGlobalSection
	GlobalSection(SolutionProperties) = preSolution
		HideSolutionNode = FALSE
	EndGlobalSection
	GlobalSection(ExtensibilityGlobals) = postSolution
		SolutionGuid = {90C76DF3-0EA5-4762-80EA-96B64FB838C6}
	EndGlobalSection
EndGlobal
